// !$*UTF8*$!
{
	archiveVersion = 1;
	classes = {
	};
	objectVersion = 51;
	objects = {

/* Begin PBXBuildFile section */
		040F4A2B23B31F8400ADC896 /* AppDelegate.m in Sources */ = {isa = PBXBuildFile; fileRef = 040F4A2A23B31F8400ADC896 /* AppDelegate.m */; };
		040F4A2E23B31F8400ADC896 /* SceneDelegate.m in Sources */ = {isa = PBXBuildFile; fileRef = 040F4A2D23B31F8400ADC896 /* SceneDelegate.m */; };
		040F4A3123B31F8400ADC896 /* ViewController.m in Sources */ = {isa = PBXBuildFile; fileRef = 040F4A3023B31F8400ADC896 /* ViewController.m */; };
		040F4A3423B31F8400ADC896 /* Main.storyboard in Resources */ = {isa = PBXBuildFile; fileRef = 040F4A3223B31F8400ADC896 /* Main.storyboard */; };
		040F4A3623B31F8B00ADC896 /* Assets.xcassets in Resources */ = {isa = PBXBuildFile; fileRef = 040F4A3523B31F8B00ADC896 /* Assets.xcassets */; };
		040F4A3923B31F8B00ADC896 /* LaunchScreen.storyboard in Resources */ = {isa = PBXBuildFile; fileRef = 040F4A3723B31F8B00ADC896 /* LaunchScreen.storyboard */; };
		040F4A3C23B31F8B00ADC896 /* main.m in Sources */ = {isa = PBXBuildFile; fileRef = 040F4A3B23B31F8B00ADC896 /* main.m */; };
		040F4A4623B31F8B00ADC896 /* XLsn0wiOSKitTests.m in Sources */ = {isa = PBXBuildFile; fileRef = 040F4A4523B31F8B00ADC896 /* XLsn0wiOSKitTests.m */; };
		040F4A5123B31F8B00ADC896 /* XLsn0wiOSKitUITests.m in Sources */ = {isa = PBXBuildFile; fileRef = 040F4A5023B31F8B00ADC896 /* XLsn0wiOSKitUITests.m */; };
		040F4CAF23B3205400ADC896 /* XLsn0w.podspec in Resources */ = {isa = PBXBuildFile; fileRef = 040F4CAE23B3205400ADC896 /* XLsn0w.podspec */; };
		04BA0C9523B4578300AFDC5B /* XLsn0wError.m in Sources */ = {isa = PBXBuildFile; fileRef = 04BA0C9323B4578300AFDC5B /* XLsn0wError.m */; };
		70BDDD3E3931B752021A6AA2 /* libPods-XLsn0wiOSKit.a in Frameworks */ = {isa = PBXBuildFile; fileRef = 074BB6B304C441A4A2816B8C /* libPods-XLsn0wiOSKit.a */; };
/* End PBXBuildFile section */

/* Begin PBXContainerItemProxy section */
		040F4A4223B31F8B00ADC896 /* PBXContainerItemProxy */ = {
			isa = PBXContainerItemProxy;
			containerPortal = 040F4A1E23B31F8400ADC896 /* Project object */;
			proxyType = 1;
			remoteGlobalIDString = 040F4A2523B31F8400ADC896;
			remoteInfo = XLsn0wiOSKit;
		};
		040F4A4D23B31F8B00ADC896 /* PBXContainerItemProxy */ = {
			isa = PBXContainerItemProxy;
			containerPortal = 040F4A1E23B31F8400ADC896 /* Project object */;
			proxyType = 1;
			remoteGlobalIDString = 040F4A2523B31F8400ADC896;
			remoteInfo = XLsn0wiOSKit;
		};
/* End PBXContainerItemProxy section */

/* Begin PBXFileReference section */
		040F4A2623B31F8400ADC896 /* XLsn0wiOSKit.app */ = {isa = PBXFileReference; explicitFileType = wrapper.application; includeInIndex = 0; path = XLsn0wiOSKit.app; sourceTree = BUILT_PRODUCTS_DIR; };
		040F4A2923B31F8400ADC896 /* AppDelegate.h */ = {isa = PBXFileReference; lastKnownFileType = sourcecode.c.h; path = AppDelegate.h; sourceTree = "<group>"; };
		040F4A2A23B31F8400ADC896 /* AppDelegate.m */ = {isa = PBXFileReference; lastKnownFileType = sourcecode.c.objc; path = AppDelegate.m; sourceTree = "<group>"; };
		040F4A2C23B31F8400ADC896 /* SceneDelegate.h */ = {isa = PBXFileReference; lastKnownFileType = sourcecode.c.h; path = SceneDelegate.h; sourceTree = "<group>"; };
		040F4A2D23B31F8400ADC896 /* SceneDelegate.m */ = {isa = PBXFileReference; lastKnownFileType = sourcecode.c.objc; path = SceneDelegate.m; sourceTree = "<group>"; };
		040F4A2F23B31F8400ADC896 /* ViewController.h */ = {isa = PBXFileReference; lastKnownFileType = sourcecode.c.h; path = ViewController.h; sourceTree = "<group>"; };
		040F4A3023B31F8400ADC896 /* ViewController.m */ = {isa = PBXFileReference; lastKnownFileType = sourcecode.c.objc; path = ViewController.m; sourceTree = "<group>"; };
		040F4A3323B31F8400ADC896 /* Base */ = {isa = PBXFileReference; lastKnownFileType = file.storyboard; name = Base; path = Base.lproj/Main.storyboard; sourceTree = "<group>"; };
		040F4A3523B31F8B00ADC896 /* Assets.xcassets */ = {isa = PBXFileReference; lastKnownFileType = folder.assetcatalog; path = Assets.xcassets; sourceTree = "<group>"; };
		040F4A3823B31F8B00ADC896 /* Base */ = {isa = PBXFileReference; lastKnownFileType = file.storyboard; name = Base; path = Base.lproj/LaunchScreen.storyboard; sourceTree = "<group>"; };
		040F4A3A23B31F8B00ADC896 /* Info.plist */ = {isa = PBXFileReference; lastKnownFileType = text.plist.xml; path = Info.plist; sourceTree = "<group>"; };
		040F4A3B23B31F8B00ADC896 /* main.m */ = {isa = PBXFileReference; lastKnownFileType = sourcecode.c.objc; path = main.m; sourceTree = "<group>"; };
		040F4A4123B31F8B00ADC896 /* XLsn0wiOSKitTests.xctest */ = {isa = PBXFileReference; explicitFileType = wrapper.cfbundle; includeInIndex = 0; path = XLsn0wiOSKitTests.xctest; sourceTree = BUILT_PRODUCTS_DIR; };
		040F4A4523B31F8B00ADC896 /* XLsn0wiOSKitTests.m */ = {isa = PBXFileReference; lastKnownFileType = sourcecode.c.objc; path = XLsn0wiOSKitTests.m; sourceTree = "<group>"; };
		040F4A4723B31F8B00ADC896 /* Info.plist */ = {isa = PBXFileReference; lastKnownFileType = text.plist.xml; path = Info.plist; sourceTree = "<group>"; };
		040F4A4C23B31F8B00ADC896 /* XLsn0wiOSKitUITests.xctest */ = {isa = PBXFileReference; explicitFileType = wrapper.cfbundle; includeInIndex = 0; path = XLsn0wiOSKitUITests.xctest; sourceTree = BUILT_PRODUCTS_DIR; };
		040F4A5023B31F8B00ADC896 /* XLsn0wiOSKitUITests.m */ = {isa = PBXFileReference; lastKnownFileType = sourcecode.c.objc; path = XLsn0wiOSKitUITests.m; sourceTree = "<group>"; };
		040F4A5223B31F8B00ADC896 /* Info.plist */ = {isa = PBXFileReference; lastKnownFileType = text.plist.xml; path = Info.plist; sourceTree = "<group>"; };
		040F4CAE23B3205400ADC896 /* XLsn0w.podspec */ = {isa = PBXFileReference; fileEncoding = 4; lastKnownFileType = text; path = XLsn0w.podspec; sourceTree = "<group>"; };
		04BA0C9323B4578300AFDC5B /* XLsn0wError.m */ = {isa = PBXFileReference; fileEncoding = 4; lastKnownFileType = sourcecode.c.objc; path = XLsn0wError.m; sourceTree = "<group>"; };
		04BA0C9423B4578300AFDC5B /* XLsn0wError.h */ = {isa = PBXFileReference; fileEncoding = 4; lastKnownFileType = sourcecode.c.h; path = XLsn0wError.h; sourceTree = "<group>"; };
		074BB6B304C441A4A2816B8C /* libPods-XLsn0wiOSKit.a */ = {isa = PBXFileReference; explicitFileType = archive.ar; includeInIndex = 0; path = "libPods-XLsn0wiOSKit.a"; sourceTree = BUILT_PRODUCTS_DIR; };
		09EF3BB5D673A947EC0EC192 /* Pods-XLsn0wiOSKit.debug.xcconfig */ = {isa = PBXFileReference; includeInIndex = 1; lastKnownFileType = text.xcconfig; name = "Pods-XLsn0wiOSKit.debug.xcconfig"; path = "Target Support Files/Pods-XLsn0wiOSKit/Pods-XLsn0wiOSKit.debug.xcconfig"; sourceTree = "<group>"; };
		D3842F39D840978C49620104 /* Pods-XLsn0wiOSKit.release.xcconfig */ = {isa = PBXFileReference; includeInIndex = 1; lastKnownFileType = text.xcconfig; name = "Pods-XLsn0wiOSKit.release.xcconfig"; path = "Target Support Files/Pods-XLsn0wiOSKit/Pods-XLsn0wiOSKit.release.xcconfig"; sourceTree = "<group>"; };
/* End PBXFileReference section */

/* Begin PBXFrameworksBuildPhase section */
		040F4A2323B31F8400ADC896 /* Frameworks */ = {
			isa = PBXFrameworksBuildPhase;
			buildActionMask = 2147483647;
			files = (
				70BDDD3E3931B752021A6AA2 /* libPods-XLsn0wiOSKit.a in Frameworks */,
			);
			runOnlyForDeploymentPostprocessing = 0;
		};
		040F4A3E23B31F8B00ADC896 /* Frameworks */ = {
			isa = PBXFrameworksBuildPhase;
			buildActionMask = 2147483647;
			files = (
			);
			runOnlyForDeploymentPostprocessing = 0;
		};
		040F4A4923B31F8B00ADC896 /* Frameworks */ = {
			isa = PBXFrameworksBuildPhase;
			buildActionMask = 2147483647;
			files = (
			);
			runOnlyForDeploymentPostprocessing = 0;
		};
/* End PBXFrameworksBuildPhase section */

/* Begin PBXGroup section */
		040F4A1D23B31F8400ADC896 = {
			isa = PBXGroup;
			children = (
				040F4A5E23B31F9900ADC896 /* XLsn0wiOS */,
				040F4A2823B31F8400ADC896 /* XLsn0wiOSKit */,
				040F4A4423B31F8B00ADC896 /* XLsn0wiOSKitTests */,
				040F4A4F23B31F8B00ADC896 /* XLsn0wiOSKitUITests */,
				040F4A2723B31F8400ADC896 /* Products */,
				C37448E86F6C1F8BCCBF560E /* Pods */,
				F7E141184A422ACB1108E39B /* Frameworks */,
			);
			sourceTree = "<group>";
		};
		040F4A2723B31F8400ADC896 /* Products */ = {
			isa = PBXGroup;
			children = (
				040F4A2623B31F8400ADC896 /* XLsn0wiOSKit.app */,
				040F4A4123B31F8B00ADC896 /* XLsn0wiOSKitTests.xctest */,
				040F4A4C23B31F8B00ADC896 /* XLsn0wiOSKitUITests.xctest */,
			);
			name = Products;
			sourceTree = "<group>";
		};
		040F4A2823B31F8400ADC896 /* XLsn0wiOSKit */ = {
			isa = PBXGroup;
			children = (
				040F4A2923B31F8400ADC896 /* AppDelegate.h */,
				040F4A2A23B31F8400ADC896 /* AppDelegate.m */,
				040F4A2C23B31F8400ADC896 /* SceneDelegate.h */,
				040F4A2D23B31F8400ADC896 /* SceneDelegate.m */,
				040F4A2F23B31F8400ADC896 /* ViewController.h */,
				040F4A3023B31F8400ADC896 /* ViewController.m */,
				040F4A3223B31F8400ADC896 /* Main.storyboard */,
				040F4A3523B31F8B00ADC896 /* Assets.xcassets */,
				040F4A3723B31F8B00ADC896 /* LaunchScreen.storyboard */,
				040F4A3A23B31F8B00ADC896 /* Info.plist */,
				040F4A3B23B31F8B00ADC896 /* main.m */,
			);
			path = XLsn0wiOSKit;
			sourceTree = "<group>";
		};
		040F4A4423B31F8B00ADC896 /* XLsn0wiOSKitTests */ = {
			isa = PBXGroup;
			children = (
				040F4A4523B31F8B00ADC896 /* XLsn0wiOSKitTests.m */,
				040F4A4723B31F8B00ADC896 /* Info.plist */,
			);
			path = XLsn0wiOSKitTests;
			sourceTree = "<group>";
		};
		040F4A4F23B31F8B00ADC896 /* XLsn0wiOSKitUITests */ = {
			isa = PBXGroup;
			children = (
				040F4A5023B31F8B00ADC896 /* XLsn0wiOSKitUITests.m */,
				040F4A5223B31F8B00ADC896 /* Info.plist */,
			);
			path = XLsn0wiOSKitUITests;
			sourceTree = "<group>";
		};
		040F4A5E23B31F9900ADC896 /* XLsn0wiOS */ = {
			isa = PBXGroup;
			children = (
				040F4CAE23B3205400ADC896 /* XLsn0w.podspec */,
				04BA0C9223B4578300AFDC5B /* XLsn0wError */,
			);
			path = XLsn0wiOS;
			sourceTree = "<group>";
		};
		04BA0C9223B4578300AFDC5B /* XLsn0wError */ = {
			isa = PBXGroup;
			children = (
				04BA0C9323B4578300AFDC5B /* XLsn0wError.m */,
				04BA0C9423B4578300AFDC5B /* XLsn0wError.h */,
			);
			path = XLsn0wError;
			sourceTree = "<group>";
		};
		C37448E86F6C1F8BCCBF560E /* Pods */ = {
			isa = PBXGroup;
			children = (
				09EF3BB5D673A947EC0EC192 /* Pods-XLsn0wiOSKit.debug.xcconfig */,
				D3842F39D840978C49620104 /* Pods-XLsn0wiOSKit.release.xcconfig */,
			);
			path = Pods;
			sourceTree = "<group>";
		};
		F7E141184A422ACB1108E39B /* Frameworks */ = {
			isa = PBXGroup;
			children = (
				074BB6B304C441A4A2816B8C /* libPods-XLsn0wiOSKit.a */,
			);
			name = Frameworks;
			sourceTree = "<group>";
		};
/* End PBXGroup section */

/* Begin PBXNativeTarget section */
		040F4A2523B31F8400ADC896 /* XLsn0wiOSKit */ = {
			isa = PBXNativeTarget;
			buildConfigurationList = 040F4A5523B31F8B00ADC896 /* Build configuration list for PBXNativeTarget "XLsn0wiOSKit" */;
			buildPhases = (
				E4B3B436302A42642F5E642C /* [CP] Check Pods Manifest.lock */,
				040F4A2223B31F8400ADC896 /* Sources */,
				040F4A2323B31F8400ADC896 /* Frameworks */,
				040F4A2423B31F8400ADC896 /* Resources */,
				A3D0B1F7AE17B0FF36F72135 /* [CP] Copy Pods Resources */,
			);
			buildRules = (
			);
			dependencies = (
			);
			name = XLsn0wiOSKit;
			productName = XLsn0wiOSKit;
			productReference = 040F4A2623B31F8400ADC896 /* XLsn0wiOSKit.app */;
			productType = "com.apple.product-type.application";
		};
		040F4A4023B31F8B00ADC896 /* XLsn0wiOSKitTests */ = {
			isa = PBXNativeTarget;
			buildConfigurationList = 040F4A5823B31F8B00ADC896 /* Build configuration list for PBXNativeTarget "XLsn0wiOSKitTests" */;
			buildPhases = (
				040F4A3D23B31F8B00ADC896 /* Sources */,
				040F4A3E23B31F8B00ADC896 /* Frameworks */,
				040F4A3F23B31F8B00ADC896 /* Resources */,
			);
			buildRules = (
			);
			dependencies = (
				040F4A4323B31F8B00ADC896 /* PBXTargetDependency */,
			);
			name = XLsn0wiOSKitTests;
			productName = XLsn0wiOSKitTests;
			productReference = 040F4A4123B31F8B00ADC896 /* XLsn0wiOSKitTests.xctest */;
			productType = "com.apple.product-type.bundle.unit-test";
		};
		040F4A4B23B31F8B00ADC896 /* XLsn0wiOSKitUITests */ = {
			isa = PBXNativeTarget;
			buildConfigurationList = 040F4A5B23B31F8B00ADC896 /* Build configuration list for PBXNativeTarget "XLsn0wiOSKitUITests" */;
			buildPhases = (
				040F4A4823B31F8B00ADC896 /* Sources */,
				040F4A4923B31F8B00ADC896 /* Frameworks */,
				040F4A4A23B31F8B00ADC896 /* Resources */,
			);
			buildRules = (
			);
			dependencies = (
				040F4A4E23B31F8B00ADC896 /* PBXTargetDependency */,
			);
			name = XLsn0wiOSKitUITests;
			productName = XLsn0wiOSKitUITests;
			productReference = 040F4A4C23B31F8B00ADC896 /* XLsn0wiOSKitUITests.xctest */;
			productType = "com.apple.product-type.bundle.ui-testing";
		};
/* End PBXNativeTarget section */

/* Begin PBXProject section */
		040F4A1E23B31F8400ADC896 /* Project object */ = {
			isa = PBXProject;
			attributes = {
				LastUpgradeCheck = 1120;
				ORGANIZATIONNAME = XLsn0w;
				TargetAttributes = {
					040F4A2523B31F8400ADC896 = {
						CreatedOnToolsVersion = 11.2.1;
					};
					040F4A4023B31F8B00ADC896 = {
						CreatedOnToolsVersion = 11.2.1;
						TestTargetID = 040F4A2523B31F8400ADC896;
					};
					040F4A4B23B31F8B00ADC896 = {
						CreatedOnToolsVersion = 11.2.1;
						TestTargetID = 040F4A2523B31F8400ADC896;
					};
				};
			};
			buildConfigurationList = 040F4A2123B31F8400ADC896 /* Build configuration list for PBXProject "XLsn0wiOSKit" */;
			compatibilityVersion = "Xcode 9.3";
			developmentRegion = en;
			hasScannedForEncodings = 0;
			knownRegions = (
				en,
				Base,
			);
			mainGroup = 040F4A1D23B31F8400ADC896;
			productRefGroup = 040F4A2723B31F8400ADC896 /* Products */;
			projectDirPath = "";
			projectRoot = "";
			targets = (
				040F4A2523B31F8400ADC896 /* XLsn0wiOSKit */,
				040F4A4023B31F8B00ADC896 /* XLsn0wiOSKitTests */,
				040F4A4B23B31F8B00ADC896 /* XLsn0wiOSKitUITests */,
			);
		};
/* End PBXProject section */

/* Begin PBXResourcesBuildPhase section */
		040F4A2423B31F8400ADC896 /* Resources */ = {
			isa = PBXResourcesBuildPhase;
			buildActionMask = 2147483647;
			files = (
				040F4CAF23B3205400ADC896 /* XLsn0w.podspec in Resources */,
				040F4A3923B31F8B00ADC896 /* LaunchScreen.storyboard in Resources */,
				040F4A3623B31F8B00ADC896 /* Assets.xcassets in Resources */,
				040F4A3423B31F8400ADC896 /* Main.storyboard in Resources */,
			);
			runOnlyForDeploymentPostprocessing = 0;
		};
		040F4A3F23B31F8B00ADC896 /* Resources */ = {
			isa = PBXResourcesBuildPhase;
			buildActionMask = 2147483647;
			files = (
			);
			runOnlyForDeploymentPostprocessing = 0;
		};
		040F4A4A23B31F8B00ADC896 /* Resources */ = {
			isa = PBXResourcesBuildPhase;
			buildActionMask = 2147483647;
			files = (
			);
			runOnlyForDeploymentPostprocessing = 0;
		};
/* End PBXResourcesBuildPhase section */

/* Begin PBXShellScriptBuildPhase section */
		A3D0B1F7AE17B0FF36F72135 /* [CP] Copy Pods Resources */ = {
			isa = PBXShellScriptBuildPhase;
			buildActionMask = 2147483647;
			files = (
			);
			inputFileListPaths = (
				"${PODS_ROOT}/Target Support Files/Pods-XLsn0wiOSKit/Pods-XLsn0wiOSKit-resources-${CONFIGURATION}-input-files.xcfilelist",
			);
			name = "[CP] Copy Pods Resources";
			outputFileListPaths = (
				"${PODS_ROOT}/Target Support Files/Pods-XLsn0wiOSKit/Pods-XLsn0wiOSKit-resources-${CONFIGURATION}-output-files.xcfilelist",
			);
			runOnlyForDeploymentPostprocessing = 0;
			shellPath = /bin/sh;
			shellScript = "\"${PODS_ROOT}/Target Support Files/Pods-XLsn0wiOSKit/Pods-XLsn0wiOSKit-resources.sh\"\n";
			showEnvVarsInLog = 0;
		};
		E4B3B436302A42642F5E642C /* [CP] Check Pods Manifest.lock */ = {
			isa = PBXShellScriptBuildPhase;
			buildActionMask = 2147483647;
			files = (
			);
			inputFileListPaths = (
			);
			inputPaths = (
				"${PODS_PODFILE_DIR_PATH}/Podfile.lock",
				"${PODS_ROOT}/Manifest.lock",
			);
			name = "[CP] Check Pods Manifest.lock";
			outputFileListPaths = (
			);
			outputPaths = (
				"$(DERIVED_FILE_DIR)/Pods-XLsn0wiOSKit-checkManifestLockResult.txt",
			);
			runOnlyForDeploymentPostprocessing = 0;
			shellPath = /bin/sh;
			shellScript = "diff \"${PODS_PODFILE_DIR_PATH}/Podfile.lock\" \"${PODS_ROOT}/Manifest.lock\" > /dev/null\nif [ $? != 0 ] ; then\n    # print error to STDERR\n    echo \"error: The sandbox is not in sync with the Podfile.lock. Run 'pod install' or update your CocoaPods installation.\" >&2\n    exit 1\nfi\n# This output is used by Xcode 'outputs' to avoid re-running this script phase.\necho \"SUCCESS\" > \"${SCRIPT_OUTPUT_FILE_0}\"\n";
			showEnvVarsInLog = 0;
		};
/* End PBXShellScriptBuildPhase section */

/* Begin PBXSourcesBuildPhase section */
		040F4A2223B31F8400ADC896 /* Sources */ = {
			isa = PBXSourcesBuildPhase;
			buildActionMask = 2147483647;
			files = (
				040F4A3123B31F8400ADC896 /* ViewController.m in Sources */,
				040F4A2B23B31F8400ADC896 /* AppDelegate.m in Sources */,
				040F4A3C23B31F8B00ADC896 /* main.m in Sources */,
				040F4A2E23B31F8400ADC896 /* SceneDelegate.m in Sources */,
				04BA0C9523B4578300AFDC5B /* XLsn0wError.m in Sources */,
			);
			runOnlyForDeploymentPostprocessing = 0;
		};
		040F4A3D23B31F8B00ADC896 /* Sources */ = {
			isa = PBXSourcesBuildPhase;
			buildActionMask = 2147483647;
			files = (
				040F4A4623B31F8B00ADC896 /* XLsn0wiOSKitTests.m in Sources */,
			);
			runOnlyForDeploymentPostprocessing = 0;
		};
		040F4A4823B31F8B00ADC896 /* Sources */ = {
			isa = PBXSourcesBuildPhase;
			buildActionMask = 2147483647;
			files = (
				040F4A5123B31F8B00ADC896 /* XLsn0wiOSKitUITests.m in Sources */,
			);
			runOnlyForDeploymentPostprocessing = 0;
		};
/* End PBXSourcesBuildPhase section */

/* Begin PBXTargetDependency section */
		040F4A4323B31F8B00ADC896 /* PBXTargetDependency */ = {
			isa = PBXTargetDependency;
			target = 040F4A2523B31F8400ADC896 /* XLsn0wiOSKit */;
			targetProxy = 040F4A4223B31F8B00ADC896 /* PBXContainerItemProxy */;
		};
		040F4A4E23B31F8B00ADC896 /* PBXTargetDependency */ = {
			isa = PBXTargetDependency;
			target = 040F4A2523B31F8400ADC896 /* XLsn0wiOSKit */;
			targetProxy = 040F4A4D23B31F8B00ADC896 /* PBXContainerItemProxy */;
		};
/* End PBXTargetDependency section */

/* Begin PBXVariantGroup section */
		040F4A3223B31F8400ADC896 /* Main.storyboard */ = {
			isa = PBXVariantGroup;
			children = (
				040F4A3323B31F8400ADC896 /* Base */,
			);
			name = Main.storyboard;
			sourceTree = "<group>";
		};
		040F4A3723B31F8B00ADC896 /* LaunchScreen.storyboard */ = {
			isa = PBXVariantGroup;
			children = (
				040F4A3823B31F8B00ADC896 /* Base */,
			);
			name = LaunchScreen.storyboard;
			sourceTree = "<group>";
		};
/* End PBXVariantGroup section */

/* Begin XCBuildConfiguration section */
		040F4A5323B31F8B00ADC896 /* Debug */ = {
			isa = XCBuildConfiguration;
			buildSettings = {
				ALWAYS_SEARCH_USER_PATHS = NO;
				CLANG_ANALYZER_NONNULL = YES;
				CLANG_ANALYZER_NUMBER_OBJECT_CONVERSION = YES_AGGRESSIVE;
				CLANG_CXX_LANGUAGE_STANDARD = "gnu++14";
				CLANG_CXX_LIBRARY = "libc++";
				CLANG_ENABLE_MODULES = YES;
				CLANG_ENABLE_OBJC_ARC = YES;
				CLANG_ENABLE_OBJC_WEAK = YES;
				CLANG_WARN_BLOCK_CAPTURE_AUTORELEASING = YES;
				CLANG_WARN_BOOL_CONVERSION = YES;
				CLANG_WARN_COMMA = YES;
				CLANG_WARN_CONSTANT_CONVERSION = YES;
				CLANG_WARN_DEPRECATED_OBJC_IMPLEMENTATIONS = YES;
				CLANG_WARN_DIRECT_OBJC_ISA_USAGE = YES_ERROR;
				CLANG_WARN_DOCUMENTATION_COMMENTS = YES;
				CLANG_WARN_EMPTY_BODY = YES;
				CLANG_WARN_ENUM_CONVERSION = YES;
				CLANG_WARN_INFINITE_RECURSION = YES;
				CLANG_WARN_INT_CONVERSION = YES;
				CLANG_WARN_NON_LITERAL_NULL_CONVERSION = YES;
				CLANG_WARN_OBJC_IMPLICIT_RETAIN_SELF = YES;
				CLANG_WARN_OBJC_LITERAL_CONVERSION = YES;
				CLANG_WARN_OBJC_ROOT_CLASS = YES_ERROR;
				CLANG_WARN_RANGE_LOOP_ANALYSIS = YES;
				CLANG_WARN_STRICT_PROTOTYPES = YES;
				CLANG_WARN_SUSPICIOUS_MOVE = YES;
				CLANG_WARN_UNGUARDED_AVAILABILITY = YES_AGGRESSIVE;
				CLANG_WARN_UNREACHABLE_CODE = YES;
				CLANG_WARN__DUPLICATE_METHOD_MATCH = YES;
				COPY_PHASE_STRIP = NO;
				DEBUG_INFORMATION_FORMAT = dwarf;
				ENABLE_STRICT_OBJC_MSGSEND = YES;
				ENABLE_TESTABILITY = YES;
				GCC_C_LANGUAGE_STANDARD = gnu11;
				GCC_DYNAMIC_NO_PIC = NO;
				GCC_NO_COMMON_BLOCKS = YES;
				GCC_OPTIMIZATION_LEVEL = 0;
				GCC_PREPROCESSOR_DEFINITIONS = (
					"DEBUG=1",
					"$(inherited)",
				);
				GCC_WARN_64_TO_32_BIT_CONVERSION = YES;
				GCC_WARN_ABOUT_RETURN_TYPE = YES_ERROR;
				GCC_WARN_UNDECLARED_SELECTOR = YES;
				GCC_WARN_UNINITIALIZED_AUTOS = YES_AGGRESSIVE;
				GCC_WARN_UNUSED_FUNCTION = YES;
				GCC_WARN_UNUSED_VARIABLE = YES;
				IPHONEOS_DEPLOYMENT_TARGET = 13.2;
				MTL_ENABLE_DEBUG_INFO = INCLUDE_SOURCE;
				MTL_FAST_MATH = YES;
				ONLY_ACTIVE_ARCH = YES;
				SDKROOT = iphoneos;
			};
			name = Debug;
		};
		040F4A5423B31F8B00ADC896 /* Release */ = {
			isa = XCBuildConfiguration;
			buildSettings = {
				ALWAYS_SEARCH_USER_PATHS = NO;
				CLANG_ANALYZER_NONNULL = YES;
				CLANG_ANALYZER_NUMBER_OBJECT_CONVERSION = YES_AGGRESSIVE;
				CLANG_CXX_LANGUAGE_STANDARD = "gnu++14";
				CLANG_CXX_LIBRARY = "libc++";
				CLANG_ENABLE_MODULES = YES;
				CLANG_ENABLE_OBJC_ARC = YES;
				CLANG_ENABLE_OBJC_WEAK = YES;
				CLANG_WARN_BLOCK_CAPTURE_AUTORELEASING = YES;
				CLANG_WARN_BOOL_CONVERSION = YES;
				CLANG_WARN_COMMA = YES;
				CLANG_WARN_CONSTANT_CONVERSION = YES;
				CLANG_WARN_DEPRECATED_OBJC_IMPLEMENTATIONS = YES;
				CLANG_WARN_DIRECT_OBJC_ISA_USAGE = YES_ERROR;
				CLANG_WARN_DOCUMENTATION_COMMENTS = YES;
				CLANG_WARN_EMPTY_BODY = YES;
				CLANG_WARN_ENUM_CONVERSION = YES;
				CLANG_WARN_INFINITE_RECURSION = YES;
				CLANG_WARN_INT_CONVERSION = YES;
				CLANG_WARN_NON_LITERAL_NULL_CONVERSION = YES;
				CLANG_WARN_OBJC_IMPLICIT_RETAIN_SELF = YES;
				CLANG_WARN_OBJC_LITERAL_CONVERSION = YES;
				CLANG_WARN_OBJC_ROOT_CLASS = YES_ERROR;
				CLANG_WARN_RANGE_LOOP_ANALYSIS = YES;
				CLANG_WARN_STRICT_PROTOTYPES = YES;
				CLANG_WARN_SUSPICIOUS_MOVE = YES;
				CLANG_WARN_UNGUARDED_AVAILABILITY = YES_AGGRESSIVE;
				CLANG_WARN_UNREACHABLE_CODE = YES;
				CLANG_WARN__DUPLICATE_METHOD_MATCH = YES;
				COPY_PHASE_STRIP = NO;
				DEBUG_INFORMATION_FORMAT = "dwarf-with-dsym";
				ENABLE_NS_ASSERTIONS = NO;
				ENABLE_STRICT_OBJC_MSGSEND = YES;
				GCC_C_LANGUAGE_STANDARD = gnu11;
				GCC_NO_COMMON_BLOCKS = YES;
				GCC_WARN_64_TO_32_BIT_CONVERSION = YES;
				GCC_WARN_ABOUT_RETURN_TYPE = YES_ERROR;
				GCC_WARN_UNDECLARED_SELECTOR = YES;
				GCC_WARN_UNINITIALIZED_AUTOS = YES_AGGRESSIVE;
				GCC_WARN_UNUSED_FUNCTION = YES;
				GCC_WARN_UNUSED_VARIABLE = YES;
				IPHONEOS_DEPLOYMENT_TARGET = 13.2;
				MTL_ENABLE_DEBUG_INFO = NO;
				MTL_FAST_MATH = YES;
				SDKROOT = iphoneos;
				VALIDATE_PRODUCT = YES;
			};
			name = Release;
		};
		040F4A5623B31F8B00ADC896 /* Debug */ = {
			isa = XCBuildConfiguration;
			baseConfigurationReference = 09EF3BB5D673A947EC0EC192 /* Pods-XLsn0wiOSKit.debug.xcconfig */;
			buildSettings = {
				ASSETCATALOG_COMPILER_APPICON_NAME = AppIcon;
				CODE_SIGN_STYLE = Automatic;
				DEVELOPMENT_TEAM = JMP4343QW7;
				INFOPLIST_FILE = XLsn0wiOSKit/Info.plist;
				LD_RUNPATH_SEARCH_PATHS = (
					"$(inherited)",
					"@executable_path/Frameworks",
				);
				PRODUCT_BUNDLE_IDENTIFIER = com.xlsn0w.XLsn0wiOSKit;
				PRODUCT_NAME = "$(TARGET_NAME)";
				TARGETED_DEVICE_FAMILY = "1,2";
			};
			name = Debug;
		};
		040F4A5723B31F8B00ADC896 /* Release */ = {
			isa = XCBuildConfiguration;
			baseConfigurationReference = D3842F39D840978C49620104 /* Pods-XLsn0wiOSKit.release.xcconfig */;
			buildSettings = {
				ASSETCATALOG_COMPILER_APPICON_NAME = AppIcon;
				CODE_SIGN_STYLE = Automatic;
				DEVELOPMENT_TEAM = JMP4343QW7;
				INFOPLIST_FILE = XLsn0wiOSKit/Info.plist;
				LD_RUNPATH_SEARCH_PATHS = (
					"$(inherited)",
					"@executable_path/Frameworks",
				);
				PRODUCT_BUNDLE_IDENTIFIER = com.xlsn0w.XLsn0wiOSKit;
				PRODUCT_NAME = "$(TARGET_NAME)";
				TARGETED_DEVICE_FAMILY = "1,2";
			};
			name = Release;
		};
		040F4A5923B31F8B00ADC896 /* Debug */ = {
			isa = XCBuildConfiguration;
			buildSettings = {
				BUNDLE_LOADER = "$(TEST_HOST)";
				CODE_SIGN_STYLE = Automatic;
				DEVELOPMENT_TEAM = JMP4343QW7;
				INFOPLIST_FILE = XLsn0wiOSKitTests/Info.plist;
				IPHONEOS_DEPLOYMENT_TARGET = 13.2;
				LD_RUNPATH_SEARCH_PATHS = (
					"$(inherited)",
					"@executable_path/Frameworks",
					"@loader_path/Frameworks",
				);
				PRODUCT_BUNDLE_IDENTIFIER = com.xlsn0w.XLsn0wiOSKitTests;
				PRODUCT_NAME = "$(TARGET_NAME)";
				TARGETED_DEVICE_FAMILY = "1,2";
				TEST_HOST = "$(BUILT_PRODUCTS_DIR)/XLsn0wiOSKit.app/XLsn0wiOSKit";
			};
			name = Debug;
		};
		040F4A5A23B31F8B00ADC896 /* Release */ = {
			isa = XCBuildConfiguration;
			buildSettings = {
				BUNDLE_LOADER = "$(TEST_HOST)";
				CODE_SIGN_STYLE = Automatic;
				DEVELOPMENT_TEAM = JMP4343QW7;
				INFOPLIST_FILE = XLsn0wiOSKitTests/Info.plist;
				IPHONEOS_DEPLOYMENT_TARGET = 13.2;
				LD_RUNPATH_SEARCH_PATHS = (
					"$(inherited)",
					"@executable_path/Frameworks",
					"@loader_path/Frameworks",
				);
				PRODUCT_BUNDLE_IDENTIFIER = com.xlsn0w.XLsn0wiOSKitTests;
				PRODUCT_NAME = "$(TARGET_NAME)";
				TARGETED_DEVICE_FAMILY = "1,2";
				TEST_HOST = "$(BUILT_PRODUCTS_DIR)/XLsn0wiOSKit.app/XLsn0wiOSKit";
			};
			name = Release;
		};
		040F4A5C23B31F8B00ADC896 /* Debug */ = {
			isa = XCBuildConfiguration;
			buildSettings = {
				CODE_SIGN_STYLE = Automatic;
				DEVELOPMENT_TEAM = JMP4343QW7;
				INFOPLIST_FILE = XLsn0wiOSKitUITests/Info.plist;
				LD_RUNPATH_SEARCH_PATHS = (
					"$(inherited)",
					"@executable_path/Frameworks",
					"@loader_path/Frameworks",
				);
				PRODUCT_BUNDLE_IDENTIFIER = com.xlsn0w.XLsn0wiOSKitUITests;
				PRODUCT_NAME = "$(TARGET_NAME)";
				TARGETED_DEVICE_FAMILY = "1,2";
				TEST_TARGET_NAME = XLsn0wiOSKit;
			};
			name = Debug;
		};
		040F4A5D23B31F8B00ADC896 /* Release */ = {
			isa = XCBuildConfiguration;
			buildSettings = {
				CODE_SIGN_STYLE = Automatic;
				DEVELOPMENT_TEAM = JMP4343QW7;
				INFOPLIST_FILE = XLsn0wiOSKitUITests/Info.plist;
				LD_RUNPATH_SEARCH_PATHS = (
					"$(inherited)",
					"@executable_path/Frameworks",
					"@loader_path/Frameworks",
				);
				PRODUCT_BUNDLE_IDENTIFIER = com.xlsn0w.XLsn0wiOSKitUITests;
				PRODUCT_NAME = "$(TARGET_NAME)";
				TARGETED_DEVICE_FAMILY = "1,2";
				TEST_TARGET_NAME = XLsn0wiOSKit;
			};
			name = Release;
		};
/* End XCBuildConfiguration section */

/* Begin XCConfigurationList section */
		040F4A2123B31F8400ADC896 /* Build configuration list for PBXProject "XLsn0wiOSKit" */ = {
			isa = XCConfigurationList;
			buildConfigurations = (
				040F4A5323B31F8B00ADC896 /* Debug */,
				040F4A5423B31F8B00ADC896 /* Release */,
			);
			defaultConfigurationIsVisible = 0;
			defaultConfigurationName = Release;
		};
		040F4A5523B31F8B00ADC896 /* Build configuration list for PBXNativeTarget "XLsn0wiOSKit" */ = {
			isa = XCConfigurationList;
			buildConfigurations = (
				040F4A5623B31F8B00ADC896 /* Debug */,
				040F4A5723B31F8B00ADC896 /* Release */,
			);
			defaultConfigurationIsVisible = 0;
			defaultConfigurationName = Release;
		};
		040F4A5823B31F8B00ADC896 /* Build configuration list for PBXNativeTarget "XLsn0wiOSKitTests" */ = {
			isa = XCConfigurationList;
			buildConfigurations = (
				040F4A5923B31F8B00ADC896 /* Debug */,
				040F4A5A23B31F8B00ADC896 /* Release */,
			);
			defaultConfigurationIsVisible = 0;
			defaultConfigurationName = Release;
		};
		040F4A5B23B31F8B00ADC896 /* Build configuration list for PBXNativeTarget "XLsn0wiOSKitUITests" */ = {
			isa = XCConfigurationList;
			buildConfigurations = (
				040F4A5C23B31F8B00ADC896 /* Debug */,
				040F4A5D23B31F8B00ADC896 /* Release */,
			);
			defaultConfigurationIsVisible = 0;
			defaultConfigurationName = Release;
		};
/* End XCConfigurationList section */
	};
	rootObject = 040F4A1E23B31F8400ADC896 /* Project object */;
}
